{
  "name": "RDPLabs",
  "version": "1.0.0",
  "lockfileVersion": 1,
  "requires": true,
  "dependencies": {
    "@angular/animations": {
      "version": "4.4.7",
      "resolved": "https://registry.npmjs.org/@angular/animations/-/animations-4.4.7.tgz",
      "integrity": "sha512-clP1xZw3KCfdj5rGDies5L5iwLgXzVFQ/B66Yj9oc24mJyK9oZARmuXdHfu+y8YtlW2b3wNSK2JH3qygaxbNLA==",
      "dev": true
    },
    "@angular/cli": {
      "version": "1.7.4",
      "resolved": "https://registry.npmjs.org/@angular/cli/-/cli-1.7.4.tgz",
      "integrity": "sha512-URdb1QtnQf+Ievy93wjq7gE81s25BkWUwJFPey+YkphBA3G1lbCAQPiEh2pntBwaIKavgEuCw+Sf2YZdgTVhDA==",
      "dev": true,
      "dependencies": {
        "ajv": {
          "version": "6.12.3",
          "resolved": "https://registry.npmjs.org/ajv/-/ajv-6.12.3.tgz",
          "integrity": "sha512-4K0cK3L1hsqk9xIb2z9vs/XU+PGJZ9PNpJRDS9YLzmNdX6jmVPfamLvTJr0aDAusnHyCHO6MjzlkAsgtqp9teA=="
        },
        "big.js": {
          "version": "3.2.0",
          "resolved": "https://registry.npmjs.org/big.js/-/big.js-3.2.0.tgz",
          "integrity": "sha512-+hN/Zh2D08Mx65pZ/4g5bsmNiZUuChDiQfTUQ7qJr4/kuopCr88xZsAXv6mBoZEsUI4OuGHlX59qE94K2mMW8Q=="
        },
        "copy-webpack-plugin": {
          "version": "4.4.3",
          "resolved": "https://registry.npmjs.org/copy-webpack-plugin/-/copy-webpack-plugin-4.4.3.tgz",
          "integrity": "sha512-v4THQ24Tks2NkyOvZuFDgZVfDD9YaA9rwYLZTrWg2GHIA8lrH5DboEyeoorh5Skki+PUbgSmnsCwhMWqYrQZrA=="
        },
        "fast-deep-equal": {
          "version": "3.1.3",
          "resolved": "https://registry.npmjs.org/fast-deep-equal/-/fast-deep-equal-3.1.3.tgz",
          "integrity": "sha512-f3qQ9oQy9j2AhBe/H9VC91wLmKBCCU/gDOnKNAYG5hswO7BLKj09Hc5HYNz9cGI++xlpDCIgDaitVs03ATR84Q=="
        },
        "json-schema-traverse": {
          "version": "0.4.1",
          "resolved": "https://registry.npmjs.org/json-schema-traverse/-/json-schema-traverse-0.4.1.tgz",
          "integrity": "sha512-xbbCH5dCYU5T8LcEhhuh7HJ88HXuW3qsI3Y0zOZFKfZEHcpWiHU/Jxzk629Brsab/mMiHQti9wMP+845RPe3Vg=="
        },
        "json5": {
          "version": "0.5.1",
          "resolved": "https://registry.npmjs.org/json5/-/json5-0.5.1.tgz",
          "integrity": "sha1-Hq3nrMASA0rYTiOWdn6tn6VJWCE="
        },
        "loader-utils": {
          "version": "1.1.0",
          "resolved": "https://registry.npmjs.org/loader-utils/-/loader-utils-1.1.0.tgz",
          "integrity": "sha1-yYrvSIvM7aL/teLeZG1qdUQp9c0="
        },
        "nopt": {
          "version": "4.0.3",
          "resolved": "https://registry.npmjs.org/nopt/-/nopt-4.0.3.tgz",
          "integrity": "sha512-CvaGwVMztSMJLOeXPrez7fyfObdZqNUK1cPAEzLHrTybIua9pMdmmPR5YwtfNftIOMv3DPUhFaxsZMNTQO20Kg=="
        }
      }
    },
    "@angular/common": {
      "version": "4.4.7",
      "resolved": "https://registry.npmjs.org/@angular/common/-/common-4.4.7.tgz",
      "integrity": "sha512-5R0POjbT4CR+8vXS7P33SiozJpTEKDsHq07EMm90OCwoofU5DIKDLNyEqr362zsbpzGUTmhGbSiLZib5Qt4djA=="
    },
    "@angular/compiler": {
      "version": "4.4.7",
      "resolved": "https://registry.npmjs.org/@angular/compiler/-/compiler-4.4.7.tgz",
      "integrity": "sha512-aiRh86RqHMTgJ7xckQWzG2UTnq23+WuDVhYh/QL19R43areZLglqgtKSkfezg9aatO5CGzxDA3qL5WGhccQ5EQ=="
    },
    "@angular/compiler-cli": {
      "version": "4.4.7",
      "resolved": "https://registry.npmjs.org/@angular/compiler-cli/-/compiler-cli-4.4.7.tgz",
      "integrity": "sha512-vzphs9galtMV29CW+ihp6v0HwSQrjAFqs04swqt9o0jEJET6/mPi1EFjJRNZiFn6ghh6lxUPr3vThy7CrSNxHg==",
      "dev": true,
      "dependencies": {
        "minimist": {
          "version": "1.2.0",
          "resolved": "https://registry.npmjs.org/minimist/-/minimist-1.2.0.tgz",
          "integrity": "sha1-o1AIsg9BOD7sH7kU9M1d95omQoQ="
        }
      }
    },
    "@angular/core": {
      "version": "4.4.7",
      "resolved": "https://registry.npmjs.org/@angular/core/-/core-4.4.7.tgz",
      "integrity": "sha512-Jxs6gNTl5KjXflg5vi5rlnokq1johFccN94qSOgDv+Mg1iuGF2i9p7EHkw3Y8jBCVaSLw1qgHE+wMb6KTlJDLA=="
    },
    "@angular/forms": {
      "version": "4.4.7",
      "resolved": "https://registry.npmjs.org/@angular/forms/-/forms-4.4.7.tgz",
      "integrity": "sha512-EXGutI4GNBptpwkCQdCTxWAlJll8aCV7m3cA1FHZgFP7VNSgYF0pD+PscM5jSeajG30cRjaKxgL4cqj6yMMtww=="
    },
    "@angular/http": {
      "version": "4.4.7",
      "resolved": "https://registry.npmjs.org/@angular/http/-/http-4.4.7.tgz",
      "integrity": "sha512-9XrvXFVuHsAfVlIbM6Em2EouKiRyV2y4nPA+dAUd/9uB9i/i+FzZlmmeSIvP7ePnm6QyAC6nlvy9FMQYwvrtNA=="
    },
    "@angular/platform-browser": {
      "version": "4.4.7",
      "resolved": "https://registry.npmjs.org/@angular/platform-browser/-/platform-browser-4.4.7.tgz",
      "integrity": "sha512-5WGMhUbaepmNoE597N/6R4jDdSqe4wwJblfi6bOJI34QStmD6QRnmg3H7ujr8lLhRBo9P3zH+hn7bM3RxUIEJg=="
    },
    "@angular/platform-browser-dynamic": {
      "version": "4.4.7",
      "resolved": "https://registry.npmjs.org/@angular/platform-browser-dynamic/-/platform-browser-dynamic-4.4.7.tgz",
      "integrity": "sha512-or6CB+LzK8zYn7K4rif32UvVadnbdrqBiT+5Yai1szNUUKuseqx2h1dsEgJQamkajsOUM7zjLYq4LrKJEEcm8A=="
    },
    "@angular/router": {
      "version": "4.4.7",
      "resolved": "https://registry.npmjs.org/@angular/router/-/router-4.4.7.tgz",
      "integrity": "sha512-WaVnBP41UdrUwReSUgB5YE6C37PrYFSaiFAoPRTx4RC0jeRE+ncFWwessVIh0kvfEK4ROkO3QK2BtLzMUY5GNg=="
    },
    "@ng-bootstrap/ng-bootstrap": {
      "version": "1.0.0-beta.6",
      "resolved": "https://registry.npmjs.org/@ng-bootstrap/ng-bootstrap/-/ng-bootstrap-1.0.0-beta.6.tgz",
      "integrity": "sha1-Z2y2wcYzTDs00NVJk4OGupl5ZGI="
    },
    "@ngx-translate/core": {
      "version": "6.0.1",
      "resolved": "https://registry.npmjs.org/@ngx-translate/core/-/core-6.0.1.tgz",
      "integrity": "sha1-fHqAB3/rmU/IFbZ6cgZa8E05Tv4="
    },
    "@ngx-translate/http-loader": {
      "version": "0.0.3",
      "resolved": "https://registry.npmjs.org/@ngx-translate/http-loader/-/http-loader-0.0.3.tgz",
      "integrity": "sha1-g0bI0tb2MCVGAQKWaPF6vir+ips="
    },
    "@stackblitz/sdk": {
      "version": "1.3.0",
      "resolved": "https://registry.npmjs.org/@stackblitz/sdk/-/sdk-1.3.0.tgz",
      "integrity": "sha512-dTqbGKHLowJokC+mbjHMH/9mEd0AJCxOXmsfuKGEWOjnVTnxHjJKXL+bL/vxBSjMwBaUFPUNGmHojPPd2OxADQ=="
    },
    "@tinymce/tinymce-angular": {
      "version": "1.0.0",
      "resolved": "https://registry.npmjs.org/@tinymce/tinymce-angular/-/tinymce-angular-1.0.0.tgz",
      "integrity": "sha512-76/iEXlv4W6GMI5eZJtdxtdM9Uq6w/zJHaNCY4pz1rEyNcQQDS/Kcimm16+O9geD1F5JHQPA9AP7MGYrwJ05Xg=="
    },
    "@types/jasmine": {
      "version": "2.5.38",
      "resolved": "https://registry.npmjs.org/@types/jasmine/-/jasmine-2.5.38.tgz",
      "integrity": "sha1-pDeRJMSSHU4h3lTsdGacnps1Zxc=",
      "dev": true
    },
    "@types/knockout": {
      "version": "3.4.66",
      "resolved": "https://registry.npmjs.org/@types/knockout/-/knockout-3.4.66.tgz",
      "integrity": "sha512-UNmyr4mM/y/AvQ6eQmd9v+9/QDZUxiudFb6U/sqIvKlQtAiUO5RM52YRP88CQzYOztxWw0t1feeFIKN3R4Q2Ow==",
      "dev": true
    },
    "@types/node": {
      "version": "6.14.6",
      "resolved": "https://registry.npmjs.org/@types/node/-/node-6.14.6.tgz",
      "integrity": "sha512-rFs9zCFtSHuseiNXxYxFlun8ibu+jtZPgRM+2ILCmeLiGeGLiIGxuOzD+cNyHegI1GD+da3R/cIbs9+xCLp13w=="
    },
    "@vimeo/player": {
      "version": "2.9.1",
      "resolved": "https://registry.npmjs.org/@vimeo/player/-/player-2.9.1.tgz",
      "integrity": "sha512-f2OdhJ9T2AezA8g8dy+5fzOJ52afkBEfULnDGZBYwSQuOepWgmBpaC9SgVkhyrO458sYi4Ie1G3rjxprg1C8HA=="
    },
    "ang-jsoneditor": {
      "version": "1.5.9",
      "resolved": "https://registry.npmjs.org/ang-jsoneditor/-/ang-jsoneditor-1.5.9.tgz",
      "integrity": "sha1-zEP6GD17M5Tt7JtigaE0SKI9FRk="
    },
    "angular2-ui-switch": {
      "version": "1.2.0",
      "resolved": "https://registry.npmjs.org/angular2-ui-switch/-/angular2-ui-switch-1.2.0.tgz",
      "integrity": "sha1-CWoszD7tBueO92EwzSeoIg4sClA="
    },
    "codelyzer": {
      "version": "2.0.1",
      "resolved": "https://registry.npmjs.org/codelyzer/-/codelyzer-2.0.1.tgz",
      "integrity": "sha1-0PcSH2eoQkyS0h07MfNkC4Pe+e0=",
      "dev": true
    },
    "core-js": {
      "version": "2.6.9",
      "resolved": "https://registry.npmjs.org/core-js/-/core-js-2.6.9.tgz",
      "integrity": "sha512-HOpZf6eXmnl7la+cUdMnLvUxKNqLUzJvgIziQ0DiF3JwSImNphIqdGqzj6hIKyX04MmV0poclQ7+wjWvxQyR2A=="
    },
    "diff2html": {
      "version": "2.10.0",
      "resolved": "https://registry.npmjs.org/diff2html/-/diff2html-2.10.0.tgz",
      "integrity": "sha512-VSs2DFMavEA8MDqMNh+IV9xoQe6FBN0p85EhIynGNKgaCm9jo89LF6iz2xkNcDSWvulzxeJZjoChBbvXvHkd+w=="
    },
    "font-awesome": {
      "version": "4.7.0",
      "resolved": "https://registry.npmjs.org/font-awesome/-/font-awesome-4.7.0.tgz",
      "integrity": "sha1-j6jPBBGhoxr9B7BtKQK7n8gVoTM="
    },
    "ionicons": {
      "version": "3.0.0",
      "resolved": "https://registry.npmjs.org/ionicons/-/ionicons-3.0.0.tgz",
      "integrity": "sha1-QLja9P16MRUL0AIWD2ZJbiKpjDw="
    },
    "jasmine-core": {
      "version": "2.5.2",
      "resolved": "https://registry.npmjs.org/jasmine-core/-/jasmine-core-2.5.2.tgz",
      "integrity": "sha1-b2G9eQYeJ/Q+b5NV5Es8bKtv8pc=",
      "dev": true
    },
    "jasmine-spec-reporter": {
      "version": "3.2.0",
      "resolved": "https://registry.npmjs.org/jasmine-spec-reporter/-/jasmine-spec-reporter-3.2.0.tgz",
      "integrity": "sha1-/b6FqAzN07J2dGvHf96Dwc53Pv8=",
      "dev": true,
      "dependencies": {
        "colors": {
          "version": "1.1.2",
          "resolved": "https://registry.npmjs.org/colors/-/colors-1.1.2.tgz",
          "integrity": "sha1-FopHAXVran9RoSzgyXv6KMCE7WM="
        }
      }
    },
    "jquery": {
      "version": "3.3.1",
      "resolved": "https://registry.npmjs.org/jquery/-/jquery-3.3.1.tgz",
      "integrity": "sha512-Ubldcmxp5np52/ENotGxlLe6aGMvmF4R8S6tZjsP6Knsaxd/xp3Zrh50cG93lR6nPXyUFwzN3ZSOQI0wRJNdGg=="
    },
    "jsoneditor": {
      "version": "5.34.0",
      "resolved": "https://registry.npmjs.org/jsoneditor/-/jsoneditor-5.34.0.tgz",
      "integrity": "sha512-/F7L6oXuRkv2/FKFIL4NMWF0P+oVvSWLJPVEVP/7KGehBj6dtOp5FKdfLcNkIgbqzklXx/NDzHSXYlf64wqmuQ=="
    },
    "karma": {
      "version": "1.4.1",
      "resolved": "https://registry.npmjs.org/karma/-/karma-1.4.1.tgz",
      "integrity": "sha1-QZgacdVCN2BrCj6oxYyQdz9BZQ4=",
      "dev": true,
      "dependencies": {
        "lodash": {
          "version": "3.10.1",
          "resolved": "https://registry.npmjs.org/lodash/-/lodash-3.10.1.tgz",
          "integrity": "sha1-W/Rejkm6QYnhfUgnid/RW9FAt7Y="
        }
      }
    },
    "karma-chrome-launcher": {
      "version": "2.0.0",
      "resolved": "https://registry.npmjs.org/karma-chrome-launcher/-/karma-chrome-launcher-2.0.0.tgz",
      "integrity": "sha1-wnkMWjKxVXfQ//Wk1aJwOztDnCU=",
      "dev": true
    },
    "karma-cli": {
      "version": "1.0.1",
      "resolved": "https://registry.npmjs.org/karma-cli/-/karma-cli-1.0.1.tgz",
      "integrity": "sha1-rmw8WKMTodALRRZMRVubhs4X+WA=",
      "dev": true
    },
    "karma-coverage-istanbul-reporter": {
      "version": "0.2.3",
      "resolved": "https://registry.npmjs.org/karma-coverage-istanbul-reporter/-/karma-coverage-istanbul-reporter-0.2.3.tgz",
      "integrity": "sha1-EfG+nPqTdVp3usOasW4xWnEAtcU=",
      "dev": true
    },
    "karma-jasmine": {
      "version": "1.1.2",
      "resolved": "https://registry.npmjs.org/karma-jasmine/-/karma-jasmine-1.1.2.tgz",
      "integrity": "sha1-OU8rJf+0pkS5rabyLUQ+L9CIhsM=",
      "dev": true
    },
    "karma-jasmine-html-reporter": {
      "version": "0.2.2",
      "resolved": "https://registry.npmjs.org/karma-jasmine-html-reporter/-/karma-jasmine-html-reporter-0.2.2.tgz",
      "integrity": "sha1-SKjl7xiAdhfuK14zwRlMNbQ5Ukw=",
      "dev": true
    },
    "karma-phantomjs-launcher": {
      "version": "1.0.4",
      "resolved": "https://registry.npmjs.org/karma-phantomjs-launcher/-/karma-phantomjs-launcher-1.0.4.tgz",
      "integrity": "sha1-0jyjSAG9qYY60xjju0vUBisTrNI=",
      "dev": true
    },
    "ng-circle-progress": {
      "version": "1.0.0",
      "resolved": "https://registry.npmjs.org/ng-circle-progress/-/ng-circle-progress-1.0.0.tgz",
      "integrity": "sha1-RklXxzFo6vJnA7RzdkWxZ5gVJJs="
    },
    "ng-socket-io": {
      "version": "0.2.4",
      "resolved": "https://registry.npmjs.org/ng-socket-io/-/ng-socket-io-0.2.4.tgz",
      "integrity": "sha1-s5qGnCLzMwHphV3BL/AapmZP5iI="
    },
    "ng2-file-upload": {
      "version": "1.3.0",
      "resolved": "https://registry.npmjs.org/ng2-file-upload/-/ng2-file-upload-1.3.0.tgz",
      "integrity": "sha512-Pudxik6LWYsT8hNiEW7RfjgGWAnvfQywxwJYMdt1snTUe+KnlRc/QqPv3QEQW6plXTanuLkYz/TbqilSfSHOsw=="
    },
    "ng2-tinymce-alt": {
      "version": "0.0.3",
      "resolved": "https://registry.npmjs.org/ng2-tinymce-alt/-/ng2-tinymce-alt-0.0.3.tgz",
      "integrity": "sha1-daTHU8Wxj8kZvDnSZSU3mF/AyfI=",
      "dependencies": {
        "@angular/common": {
          "version": "2.4.10",
          "resolved": "https://registry.npmjs.org/@angular/common/-/common-2.4.10.tgz",
          "integrity": "sha1-o6aC0iKPow7CPdDrV8joh/uiaZc="
        },
        "@angular/compiler": {
          "version": "2.4.10",
          "resolved": "https://registry.npmjs.org/@angular/compiler/-/compiler-2.4.10.tgz",
          "integrity": "sha1-9R/TSCCyoCx8th+89JhzxYBW+ww="
        },
        "@angular/core": {
          "version": "2.4.10",
          "resolved": "https://registry.npmjs.org/@angular/core/-/core-2.4.10.tgz",
          "integrity": "sha1-C4MgplBlll2ZhkWx9c0892m0Qeo="
        },
        "@angular/forms": {
          "version": "2.4.10",
          "resolved": "https://registry.npmjs.org/@angular/forms/-/forms-2.4.10.tgz",
          "integrity": "sha1-BiEzqq3h87PJYvFZMgjFQbYi/QY="
        },
        "@angular/platform-browser": {
          "version": "2.4.10",
          "resolved": "https://registry.npmjs.org/@angular/platform-browser/-/platform-browser-2.4.10.tgz",
          "integrity": "sha1-y/JWCBSPtP/vlsxQBbpdez4JOQY="
        },
        "@angular/platform-browser-dynamic": {
          "version": "2.4.10",
          "resolved": "https://registry.npmjs.org/@angular/platform-browser-dynamic/-/platform-browser-dynamic-2.4.10.tgz",
          "integrity": "sha1-jfJd7CsGrcaQzJvCZEjezK682Ow="
        },
        "zone.js": {
          "version": "0.7.8",
          "resolved": "https://registry.npmjs.org/zone.js/-/zone.js-0.7.8.tgz",
          "integrity": "sha1-Tz/og01EWX8mOQU6D6Q43zT//e0="
        }
      }
    },
    "ngx-chips": {
      "version": "1.5.11",
      "resolved": "https://registry.npmjs.org/ngx-chips/-/ngx-chips-1.5.11.tgz",
      "integrity": "sha512-X8dhGOqAlGVIYxa2Rr4r/C+IcOXyQgzi+F0LYNmGkcCBvegk2J+XYdipdZ5VdUc09MW3acNrk3ieuCxHyLWgbg=="
    },
    "ngx-paypal": {
      "version": "3.2.1",
      "resolved": "https://registry.npmjs.org/ngx-paypal/-/ngx-paypal-3.2.1.tgz",
      "integrity": "sha512-sP6uGht+xVe946TlLrKwBHXbS5J/wvnCpRswHJc7FXWSjj7j7YWPleIbkoVSzvd7Ge62EJfbcvAgHPkcrxb5XQ=="
    },
    "protractor": {
      "version": "5.1.2",
      "resolved": "https://registry.npmjs.org/protractor/-/protractor-5.1.2.tgz",
      "integrity": "sha1-myIXQXCaTGLVzVPGqt1UpxE36V8=",
      "dev": true,
      "dependencies": {
        "ansi-styles": {
          "version": "2.2.1",
          "resolved": "https://registry.npmjs.org/ansi-styles/-/ansi-styles-2.2.1.tgz",
          "integrity": "sha1-tDLdM1i2NM914eRmQ2gkBTPB3b4="
        },
        "chalk": {
          "version": "1.1.3",
          "resolved": "https://registry.npmjs.org/chalk/-/chalk-1.1.3.tgz",
          "integrity": "sha1-qBFcVeSnAv5NFQq9OHKCKn4J/Jg="
        },
        "del": {
          "version": "2.2.2",
          "resolved": "https://registry.npmjs.org/del/-/del-2.2.2.tgz",
          "integrity": "sha1-wSyYHQZ4RshLyvhiz/kw2Qf/0ag="
        },
        "globby": {
          "version": "5.0.0",
          "resolved": "https://registry.npmjs.org/globby/-/globby-5.0.0.tgz",
          "integrity": "sha1-69hGZ8oNuzMLmbz8aOrCvFQ3Dg0="
        },
        "minimist": {
          "version": "1.2.0",
          "resolved": "https://registry.npmjs.org/minimist/-/minimist-1.2.0.tgz",
          "integrity": "sha1-o1AIsg9BOD7sH7kU9M1d95omQoQ="
        },
        "pify": {
          "version": "2.3.0",
          "resolved": "https://registry.npmjs.org/pify/-/pify-2.3.0.tgz",
          "integrity": "sha1-7RQaasBDqEnqWISY59yosVMw6Qw="
        },
        "supports-color": {
          "version": "2.0.0",
          "resolved": "https://registry.npmjs.org/supports-color/-/supports-color-2.0.0.tgz",
          "integrity": "sha1-U10EXOa2Nj+kARcIRimZXp3zJMc="
        },
        "webdriver-manager": {
          "version": "12.1.5",
          "resolved": "https://registry.npmjs.org/webdriver-manager/-/webdriver-manager-12.1.5.tgz",
          "integrity": "sha512-f1apDjMpZ8SHlXtXGzqBxOjV+WQcDRz5PN7pWScgjXS7vhUIFcM3V89Shetf4A04n8DDR2MxiVQq6JproFcRZw=="
        }
      }
    },
    "recordrtc": {
      "version": "5.5.8",
      "resolved": "https://registry.npmjs.org/recordrtc/-/recordrtc-5.5.8.tgz",
      "integrity": "sha512-+BzbllHyL6Q8gAuaqjO8RdqofL4C6yI670hicMaUW/0dDsKHeKyz0S4M+n7sHnr4dP0LGWqcod6gazRMtXob6A=="
    },
    "rxjs": {
      "version": "5.5.12",
      "resolved": "https://registry.npmjs.org/rxjs/-/rxjs-5.5.12.tgz",
      "integrity": "sha512-xx2itnL5sBbqeeiVgNPVuQQ1nC8Jp2WfNJhXWHmElW9YmrpS9UVnNzhP3EH3HFqexO5Tlp8GhYY+WEcqcVMvGw=="
    },
    "tinymce": {
      "version": "5.6.0",
      "resolved": "https://registry.npmjs.org/tinymce/-/tinymce-5.6.0.tgz",
      "integrity": "sha512-f8LsyT80j8hD4wrL8Sac0DWDG5k10cDyykL/qkJ6kexn1KMt7w1ByrGlUm53XCYDqtavBA5snTU7odioMwSXSQ=="
    },
    "to-streamable": {
      "version": "2.0.0",
      "resolved": "https://registry.npmjs.org/to-streamable/-/to-streamable-2.0.0.tgz",
      "integrity": "sha1-W5/+perVT7XhHIR6ENbZUubdLOk=",
      "dependencies": {
        "minimist": {
          "version": "1.2.0",
          "resolved": "https://registry.npmjs.org/minimist/-/minimist-1.2.0.tgz",
          "integrity": "sha1-o1AIsg9BOD7sH7kU9M1d95omQoQ="
        }
      }
    },
    "ts-node": {
      "version": "2.0.0",
      "resolved": "https://registry.npmjs.org/ts-node/-/ts-node-2.0.0.tgz",
      "integrity": "sha1-FuT+zJSQiCOLTL8cOclYJSa2b3Q=",
      "dev": true,
      "dependencies": {
        "ansi-styles": {
          "version": "2.2.1",
          "resolved": "https://registry.npmjs.org/ansi-styles/-/ansi-styles-2.2.1.tgz",
          "integrity": "sha1-tDLdM1i2NM914eRmQ2gkBTPB3b4="
        },
        "chalk": {
          "version": "1.1.3",
          "resolved": "https://registry.npmjs.org/chalk/-/chalk-1.1.3.tgz",
          "integrity": "sha1-qBFcVeSnAv5NFQq9OHKCKn4J/Jg="
        },
        "diff": {
          "version": "3.5.0",
          "resolved": "https://registry.npmjs.org/diff/-/diff-3.5.0.tgz",
          "integrity": "sha512-A46qtFgd+g7pDZinpnwiRJtxbC1hpgf0uzP3iG89scHk0AUC7A1TGxf5OiiOUv/JMZR8GOt8hL900hV0bOy5xA=="
        },
        "minimist": {
          "version": "1.2.0",
          "resolved": "https://registry.npmjs.org/minimist/-/minimist-1.2.0.tgz",
          "integrity": "sha1-o1AIsg9BOD7sH7kU9M1d95omQoQ="
        },
        "mkdirp": {
          "version": "0.5.1",
          "resolved": "https://registry.npmjs.org/mkdirp/-/mkdirp-0.5.1.tgz",
          "integrity": "sha1-MAV0OOrGz3+MR2fzhkjWaX11yQM=",
          "dependencies": {
            "minimist": {
              "version": "0.0.8",
              "resolved": "https://registry.npmjs.org/minimist/-/minimist-0.0.8.tgz",
              "integrity": "sha1-hX/Kv8M5fSYluCKCYuhqp6ARsF0="
            }
          }
        },
        "supports-color": {
          "version": "2.0.0",
          "resolved": "https://registry.npmjs.org/supports-color/-/supports-color-2.0.0.tgz",
          "integrity": "sha1-U10EXOa2Nj+kARcIRimZXp3zJMc="
        }
      }
    },
    "tslint": {
      "version": "4.5.1",
      "resolved": "https://registry.npmjs.org/tslint/-/tslint-4.5.1.tgz",
      "integrity": "sha1-BTVocb7yOkNJBnNABvwYgza6gks=",
      "dev": true,
      "dependencies": {
        "diff": {
          "version": "3.5.0",
          "resolved": "https://registry.npmjs.org/diff/-/diff-3.5.0.tgz",
          "integrity": "sha512-A46qtFgd+g7pDZinpnwiRJtxbC1hpgf0uzP3iG89scHk0AUC7A1TGxf5OiiOUv/JMZR8GOt8hL900hV0bOy5xA=="
        }
      }
    },
    "typescript": {
      "version": "2.9.2",
      "resolved": "https://registry.npmjs.org/typescript/-/typescript-2.9.2.tgz",
      "integrity": "sha512-Gr4p6nFNaoufRIY4NMdpQRNmgxVIGMs4Fcu/ujdYk3nAZqk7supzBE9idmvfZIlH/Cuj//dvi+019qEue9lV0w==",
      "dev": true
    },
    "vimeo": {
      "version": "2.1.1",
      "resolved": "https://registry.npmjs.org/vimeo/-/vimeo-2.1.1.tgz",
      "integrity": "sha512-6aBlIOdnCgGSigkH54DHsb1n+mW0NIAgxmh+AVEC5hwjfy6zaUtkSIrlMJbYSOwwEfkjpIBR7L8gfWDRmLaEmw=="
    },
    "vimeo-upload": {
      "version": "0.1.6",
      "resolved": "https://registry.npmjs.org/vimeo-upload/-/vimeo-upload-0.1.6.tgz",
      "integrity": "sha1-rZ+AIwV12U9tLaR5xmVBDSG5ScI="
    },
    "webpack-bundle-analyzer": {
      "version": "3.3.2",
      "resolved": "https://registry.npmjs.org/webpack-bundle-analyzer/-/webpack-bundle-analyzer-3.3.2.tgz",
      "integrity": "sha512-7qvJLPKB4rRWZGjVp5U1KEjwutbDHSKboAl0IfafnrdXMrgC0tOtZbQD6Rw0u4cmpgRN4O02Fc0t8eAT+FgGzA==",
      "dev": true,
      "dependencies": {
        "acorn": {
          "version": "6.1.1",
          "resolved": "https://registry.npmjs.org/acorn/-/acorn-6.1.1.tgz",
          "integrity": "sha512-jPTiwtOxaHNaAPg/dmrJ/beuzLRnXtB0kQPQ8JpotKJgTB6rX6c8mlf315941pyjBSaPg8NHXS9fhP4u17DpGA=="
        },
        "chalk": {
          "version": "2.4.2",
          "resolved": "https://registry.npmjs.org/chalk/-/chalk-2.4.2.tgz",
          "integrity": "sha512-Mti+f9lpJNcwF4tWV8/OrTTtF1gZi+f8FqlyAdouralcFWFQWF2+NgCHShjkCb+IFBLq9buZwE1xckQU4peSuQ=="
        },
        "commander": {
          "version": "2.20.0",
          "resolved": "https://registry.npmjs.org/commander/-/commander-2.20.0.tgz",
          "integrity": "sha512-7j2y+40w61zy6YC2iRNpUe/NwhNyoXrYpHMrSunaMG64nRnaf96zO/KMQR4OyN/UnE5KLyEBnKHd4aG3rskjpQ=="
        },
        "has-flag": {
          "version": "3.0.0",
          "resolved": "https://registry.npmjs.org/has-flag/-/has-flag-3.0.0.tgz",
          "integrity": "sha1-tdRU3CGZriJWmfNGfloH87lVuv0="
        },
        "mkdirp": {
          "version": "0.5.1",
          "resolved": "https://registry.npmjs.org/mkdirp/-/mkdirp-0.5.1.tgz",
          "integrity": "sha1-MAV0OOrGz3+MR2fzhkjWaX11yQM="
        },
        "supports-color": {
          "version": "5.5.0",
          "resolved": "https://registry.npmjs.org/supports-color/-/supports-color-5.5.0.tgz",
          "integrity": "sha512-QjVjwdXIt408MIiAqCX4oUKsgU2EqAGzs2Ppkm4aQYbjm+ZEWEcW4SfFNTr4uMNZma0ey4f5lgLrkB0aX0QMow=="
        }
      }
    },
    "zone.js": {
      "version": "0.8.29",
      "resolved": "https://registry.npmjs.org/zone.js/-/zone.js-0.8.29.tgz",
      "integrity": "sha512-mla2acNCMkWXBD+c+yeUrBUrzOxYMNFdQ6FGfigGGtEVBPJx07BQeJekjt9DmH1FtZek4E9rE1eRR9qQpxACOQ=="
    }
  }
}
